lockfileVersion: 5.4

importers:

  .:
    specifiers:
      cumcord-types: ^1.3.0
      husky: ^8.0.1
      prettier: ^2.6.2
    devDependencies:
      cumcord-types: 1.3.0
      husky: 8.0.1
      prettier: 2.6.2

  plugins/beryl:
    specifiers:
      cumcord-tools: ^8.0.2
    dependencies:
      cumcord-tools: 8.0.2

packages:

  /@babel/runtime/7.18.3:
    resolution: {integrity: sha512-38Y8f7YUhce/K7RMwTp7m0uCumpv9hZkitCbBClqQIow1qSbCvGkcegKOXpEWCQLfWmevgRiWokZ1GkpfhbZug==}
    engines: {node: '>=6.9.0'}
    dependencies:
      regenerator-runtime: 0.13.9
    dev: true

  /@types/fbemitter/2.0.32:
    resolution: {integrity: sha512-Hwq28bBlbmfCgLnNJvjl5ssTrbZCTSblI4vqPpqZrbbEL8vn5l2UivxhlMYfUY7a4SR8UB6RKoLjOZfljqAa6g==}
    dev: true

  /@types/flux/3.1.11:
    resolution: {integrity: sha512-Aq4UB1ZqAKcPbhB0GpgMw2sntvOh71he9tjz53TLKrI7rw3Y3LxCW5pTYY9IV455hQapm4pmxFjpqlWOs308Yg==}
    dependencies:
      '@types/fbemitter': 2.0.32
      '@types/react': 18.0.12
    dev: true

  /@types/prop-types/15.7.5:
    resolution: {integrity: sha512-JCB8C6SnDoQf0cNycqd/35A7MjcnK+ZTqE7judS6o7utxUCg6imJg3QK2qzHKszlTjcj2cn+NwMB2i96ubpj7w==}
    dev: true

  /@types/react-dom/18.0.5:
    resolution: {integrity: sha512-OWPWTUrY/NIrjsAPkAk1wW9LZeIjSvkXRhclsFO8CZcZGCOg2G0YZy4ft+rOyYxy8B7ui5iZzi9OkDebZ7/QSA==}
    dependencies:
      '@types/react': 18.0.12
    dev: true

  /@types/react/17.0.2:
    resolution: {integrity: sha512-Xt40xQsrkdvjn1EyWe1Bc0dJLcil/9x2vAuW7ya+PuQip4UYUaXyhzWmAbwRsdMgwOFHpfp7/FFZebDU6Y8VHA==}
    dependencies:
      '@types/prop-types': 15.7.5
      csstype: 3.1.0
    dev: true

  /@types/react/18.0.12:
    resolution: {integrity: sha512-duF1OTASSBQtcigUvhuiTB1Ya3OvSy+xORCiEf20H0P0lzx+/KeVsA99U5UjLXSbyo1DRJDlLKqTeM1ngosqtg==}
    dependencies:
      '@types/prop-types': 15.7.5
      '@types/scheduler': 0.16.2
      csstype: 3.1.0
    dev: true

  /@types/scheduler/0.16.2:
    resolution: {integrity: sha512-hppQEBDmlwhFAXKJX2KnWLYu5yMfi91yazPb2l+lbJiwW+wdo1gNeRA+3RgNSO39WYX2euey41KEwnqesU2Jew==}
    dev: true

  /csstype/3.1.0:
    resolution: {integrity: sha512-uX1KG+x9h5hIJsaKR9xHUeUraxf8IODOwq9JLNPq6BwB04a/xgpq3rcx47l5BZu5zBPlgD342tdke3Hom/nJRA==}
    dev: true

  /cumcord-tools/8.0.2:
    resolution: {integrity: sha512-EqPpo1lEbZeA5sY+FGoC9/Yb4uTSlYGmVWKNvnQJr09mH+AUW+PzTD5+IOBa+mbqtebNYnfrLBmNzfym2U3KPA==}
    dev: false

  /cumcord-types/1.3.0:
    resolution: {integrity: sha512-luyw7VzCIIZJjit8ycn4HUJP70b14qb0KF/ILZu62i0CFOdTBRR/sAB/zGMoocx00pv3+oXhT9olZVSk19tzKg==}
    dependencies:
      '@types/flux': 3.1.11
      '@types/react': 18.0.12
      '@types/react-dom': 18.0.5
      discord-types: 1.3.26
      highlight.js: 11.5.1
      nests: 2.3.1
      redux: 4.2.0
      spitroast: 1.4.2
      zustand: 4.0.0-rc.1
    transitivePeerDependencies:
      - immer
      - react
      - solid-js
    dev: true

  /discord-types/1.3.26:
    resolution: {integrity: sha512-ToG51AOCH+JTQf7b+8vuYQe5Iqwz7nZ7StpECAZ/VZcI1ZhQk13pvt9KkRTfRv1xNvwJ2qib4e3+RifQlo8VPQ==}
    dependencies:
      '@types/react': 17.0.2
      moment: 2.29.3
    dev: true

  /highlight.js/11.5.1:
    resolution: {integrity: sha512-LKzHqnxr4CrD2YsNoIf/o5nJ09j4yi/GcH5BnYz9UnVpZdS4ucMgvP61TDty5xJcFGRjnH4DpujkS9bHT3hq0Q==}
    engines: {node: '>=12.0.0'}
    dev: true

  /husky/8.0.1:
    resolution: {integrity: sha512-xs7/chUH/CKdOCs7Zy0Aev9e/dKOMZf3K1Az1nar3tzlv0jfqnYtu235bstsWTmXOR0EfINrPa97yy4Lz6RiKw==}
    engines: {node: '>=14'}
    hasBin: true
    dev: true

  /moment/2.29.3:
    resolution: {integrity: sha512-c6YRvhEo//6T2Jz/vVtYzqBzwvPT95JBQ+smCytzf7c50oMZRsR/a4w88aD34I+/QVSfnoAnSBFPJHItlOMJVw==}
    dev: true

  /nests/2.3.1:
    resolution: {integrity: sha512-mq9g10tzsaGbS/c5RUJVwiJVqo89JA/KIYPpBDQlKnyviJ7EDUaboIWsuWx0Abe49nys8MjnB6vK53KF1m6MUQ==}
    peerDependencies:
      react: '>=16.8'
      solid-js: '>=1.0.0'
    peerDependenciesMeta:
      react:
        optional: true
      solid-js:
        optional: true
    dev: true

  /prettier/2.6.2:
    resolution: {integrity: sha512-PkUpF+qoXTqhOeWL9fu7As8LXsIUZ1WYaJiY/a7McAQzxjk82OF0tibkFXVCDImZtWxbvojFjerkiLb0/q8mew==}
    engines: {node: '>=10.13.0'}
    hasBin: true
    dev: true

  /redux/4.2.0:
    resolution: {integrity: sha512-oSBmcKKIuIR4ME29/AeNUnl5L+hvBq7OaJWzaptTQJAntaPvxIJqfnjbaEiCzzaIz+XmVILfqAM3Ob0aXLPfjA==}
    dependencies:
      '@babel/runtime': 7.18.3
    dev: true

  /regenerator-runtime/0.13.9:
    resolution: {integrity: sha512-p3VT+cOEgxFsRRA9X4lkI1E+k2/CtnKtU4gcxyaCUreilL/vqI6CdZ3wxVUx3UOUg+gnUOQQcRI7BmSI656MYA==}
    dev: true

  /spitroast/1.4.2:
    resolution: {integrity: sha512-iEBsKg3EXTQj2nikYIMtOE5YSqbI5CtRxVYI+Gh+9HeQxf4u86UWF5yC5eTVAoReZSogbD2M37JYG8TYGBnFTg==}
    dev: true

  /use-sync-external-store/1.1.0:
    resolution: {integrity: sha512-SEnieB2FPKEVne66NpXPd1Np4R1lTNKfjuy3XdIoPQKYBAFdzbzSZlSn1KJZUiihQLQC5Znot4SBz1EOTBwQAQ==}
    peerDependencies:
      react: ^16.8.0 || ^17.0.0 || ^18.0.0
    peerDependenciesMeta:
      react:
        optional: true
    dev: true

  /zustand/4.0.0-rc.1:
    resolution: {integrity: sha512-qgcs7zLqBdHu0PuT3GW4WCIY5SgXdsv30GQMu9Qpp1BA2aS+sNS8l4x0hWuyEhjXkN+701aGWawhKDv6oWJAcw==}
    engines: {node: '>=12.7.0'}
    peerDependencies:
      immer: '>=9.0'
      react: '>=16.8'
    peerDependenciesMeta:
      immer:
        optional: true
      react:
        optional: true
    dependencies:
      use-sync-external-store: 1.1.0
    dev: true
